
Microsoft Visual Studio Solution File, Format Version 12.00
# Visual Studio Version 17
VisualStudioVersion = 17.2.32602.215
MinimumVisualStudioVersion = 10.0.40219.1
Project("{9A19103F-16F7-4668-BE54-9A1E7A4F7556}") = "Test_REST", "Test_REST\Test_REST.csproj", "{DDD0FE9D-B5D4-48A9-955F-1C4E190C00BC}"
EndProject
Project("{9A19103F-16F7-4668-BE54-9A1E7A4F7556}") = "Test_REST.Domain", "Test_REST.Domain\Test_REST.Domain.csproj", "{1D229B75-EC5A-4E1E-B6E1-565744043896}"
EndProject
Project("{FAE04EC0-301F-11D3-BF4B-00C04F79EFBC}") = "Test_REST.Tests", "Test_REST.Tests\Test_REST.Tests.csproj", "{B6BF567C-E9FA-4C55-9AB7-FA7DB1BFDD9A}"
EndProject
Global
	GlobalSection(SolutionConfigurationPlatforms) = preSolution
		Debug|Any CPU = Debug|Any CPU
		Release|Any CPU = Release|Any CPU
	EndGlobalSection
	GlobalSection(ProjectConfigurationPlatforms) = postSolution
		{DDD0FE9D-B5D4-48A9-955F-1C4E190C00BC}.Debug|Any CPU.ActiveCfg = Debug|Any CPU
		{DDD0FE9D-B5D4-48A9-955F-1C4E190C00BC}.Debug|Any CPU.Build.0 = Debug|Any CPU
		{DDD0FE9D-B5D4-48A9-955F-1C4E190C00BC}.Release|Any CPU.ActiveCfg = Release|Any CPU
		{DDD0FE9D-B5D4-48A9-955F-1C4E190C00BC}.Release|Any CPU.Build.0 = Release|Any CPU
		{1D229B75-EC5A-4E1E-B6E1-565744043896}.Debug|Any CPU.ActiveCfg = Debug|Any CPU
		{1D229B75-EC5A-4E1E-B6E1-565744043896}.Debug|Any CPU.Build.0 = Debug|Any CPU
		{1D229B75-EC5A-4E1E-B6E1-565744043896}.Release|Any CPU.ActiveCfg = Release|Any CPU
		{1D229B75-EC5A-4E1E-B6E1-565744043896}.Release|Any CPU.Build.0 = Release|Any CPU
		{B6BF567C-E9FA-4C55-9AB7-FA7DB1BFDD9A}.Debug|Any CPU.ActiveCfg = Debug|Any CPU
		{B6BF567C-E9FA-4C55-9AB7-FA7DB1BFDD9A}.Debug|Any CPU.Build.0 = Debug|Any CPU
		{B6BF567C-E9FA-4C55-9AB7-FA7DB1BFDD9A}.Release|Any CPU.ActiveCfg = Release|Any CPU
		{B6BF567C-E9FA-4C55-9AB7-FA7DB1BFDD9A}.Release|Any CPU.Build.0 = Release|Any CPU
	EndGlobalSection
	GlobalSection(SolutionProperties) = preSolution
		HideSolutionNode = FALSE
	EndGlobalSection
	GlobalSection(ExtensibilityGlobals) = postSolution
		SolutionGuid = {BBBC6DBE-564C-415E-A1DA-88194FA4C85D}
	EndGlobalSection
EndGlobal
